
Microsoft Visual Studio Solution File, Format Version 12.00
Project("{FAE04EC0-301F-11D3-BF4B-00C04F79EFBC}") = "ObservabilityPlatform.GrafanaClient", "ObservabilityPlatform.GrafanaClient\ObservabilityPlatform.GrafanaClient.csproj", "{C7CBBB53-8B1D-4F80-81D5-21ED7919474E}"
EndProject
Project("{FAE04EC0-301F-11D3-BF4B-00C04F79EFBC}") = "ObservabilityPlatform.GrafanaClient.IntegrationTests", "ObservabilityPlatform.GrafanaClient.IntegrationTests\ObservabilityPlatform.GrafanaClient.IntegrationTests.csproj", "{00A2EC8D-34F0-46FB-8836-A8A2C4E010AA}"
EndProject
Project("{FAE04EC0-301F-11D3-BF4B-00C04F79EFBC}") = "ObservabilityPlatform.Web", "ObservabilityPlatform.Web\ObservabilityPlatform.Web.csproj", "{A1028B1B-D343-4A61-99AE-551BD6882CEE}"
EndProject
Project("{FAE04EC0-301F-11D3-BF4B-00C04F79EFBC}") = "ObservabilityPlatform.Rest", "ObservabilityPlatform.Rest\ObservabilityPlatform.Rest.csproj", "{FC4A239A-A1C0-4C70-8614-3562F5F86A15}"
EndProject
Global
	GlobalSection(SolutionConfigurationPlatforms) = preSolution
		Debug|Any CPU = Debug|Any CPU
		Release|Any CPU = Release|Any CPU
	EndGlobalSection
	GlobalSection(ProjectConfigurationPlatforms) = postSolution
		{C7CBBB53-8B1D-4F80-81D5-21ED7919474E}.Debug|Any CPU.ActiveCfg = Debug|Any CPU
		{C7CBBB53-8B1D-4F80-81D5-21ED7919474E}.Debug|Any CPU.Build.0 = Debug|Any CPU
		{C7CBBB53-8B1D-4F80-81D5-21ED7919474E}.Release|Any CPU.ActiveCfg = Release|Any CPU
		{C7CBBB53-8B1D-4F80-81D5-21ED7919474E}.Release|Any CPU.Build.0 = Release|Any CPU
		{00A2EC8D-34F0-46FB-8836-A8A2C4E010AA}.Debug|Any CPU.ActiveCfg = Debug|Any CPU
		{00A2EC8D-34F0-46FB-8836-A8A2C4E010AA}.Debug|Any CPU.Build.0 = Debug|Any CPU
		{00A2EC8D-34F0-46FB-8836-A8A2C4E010AA}.Release|Any CPU.ActiveCfg = Release|Any CPU
		{00A2EC8D-34F0-46FB-8836-A8A2C4E010AA}.Release|Any CPU.Build.0 = Release|Any CPU
		{A1028B1B-D343-4A61-99AE-551BD6882CEE}.Debug|Any CPU.ActiveCfg = Debug|Any CPU
		{A1028B1B-D343-4A61-99AE-551BD6882CEE}.Debug|Any CPU.Build.0 = Debug|Any CPU
		{A1028B1B-D343-4A61-99AE-551BD6882CEE}.Release|Any CPU.ActiveCfg = Release|Any CPU
		{A1028B1B-D343-4A61-99AE-551BD6882CEE}.Release|Any CPU.Build.0 = Release|Any CPU
		{FC4A239A-A1C0-4C70-8614-3562F5F86A15}.Debug|Any CPU.ActiveCfg = Debug|Any CPU
		{FC4A239A-A1C0-4C70-8614-3562F5F86A15}.Debug|Any CPU.Build.0 = Debug|Any CPU
		{FC4A239A-A1C0-4C70-8614-3562F5F86A15}.Release|Any CPU.ActiveCfg = Release|Any CPU
		{FC4A239A-A1C0-4C70-8614-3562F5F86A15}.Release|Any CPU.Build.0 = Release|Any CPU
	EndGlobalSection
EndGlobal
